
Microsoft Visual Studio Solution File, Format Version 12.00
# Visual Studio Version 17
VisualStudioVersion = 17.14.37111.16 d17.14
MinimumVisualStudioVersion = 10.0.40219.1
Project("{FAE04EC0-301F-11D3-BF4B-00C04F79EFBC}") = "Atv13", "Atv13.csproj", "{434560A8-AA54-4C9E-A768-8616FC3779A1}"
EndProject
Global
	GlobalSection(SolutionConfigurationPlatforms) = preSolution
		Debug|Any CPU = Debug|Any CPU
		Release|Any CPU = Release|Any CPU
	EndGlobalSection
	GlobalSection(ProjectConfigurationPlatforms) = postSolution
		{434560A8-AA54-4C9E-A768-8616FC3779A1}.Debug|Any CPU.ActiveCfg = Debug|Any CPU
		{434560A8-AA54-4C9E-A768-8616FC3779A1}.Debug|Any CPU.Build.0 = Debug|Any CPU
		{434560A8-AA54-4C9E-A768-8616FC3779A1}.Release|Any CPU.ActiveCfg = Release|Any CPU
		{434560A8-AA54-4C9E-A768-8616FC3779A1}.Release|Any CPU.Build.0 = Release|Any CPU
	EndGlobalSection
	GlobalSection(SolutionProperties) = preSolution
		HideSolutionNode = FALSE
	EndGlobalSection
	GlobalSection(ExtensibilityGlobals) = postSolution
		SolutionGuid = {D57C8CB4-4334-4790-AFF7-5066956D6B3D}
	EndGlobalSection
EndGlobal
